
Microsoft Visual Studio Solution File, Format Version 12.00
# Visual Studio 2012
Project("{F184B08F-C81C-45F6-A57F-5ABD9991F28F}") = "Number Comparison", "Number Comparison\Number Comparison.vbproj", "{FF2ADB6C-3647-4692-87C7-5506412296DF}"
EndProject
Global
	GlobalSection(SolutionConfigurationPlatforms) = preSolution
		Debug|Any CPU = Debug|Any CPU
		Release|Any CPU = Release|Any CPU
	EndGlobalSection
	GlobalSection(ProjectConfigurationPlatforms) = postSolution
		{FF2ADB6C-3647-4692-87C7-5506412296DF}.Debug|Any CPU.ActiveCfg = Debug|Any CPU
		{FF2ADB6C-3647-4692-87C7-5506412296DF}.Debug|Any CPU.Build.0 = Debug|Any CPU
		{FF2ADB6C-3647-4692-87C7-5506412296DF}.Release|Any CPU.ActiveCfg = Release|Any CPU
		{FF2ADB6C-3647-4692-87C7-5506412296DF}.Release|Any CPU.Build.0 = Release|Any CPU
	EndGlobalSection
	GlobalSection(SolutionProperties) = preSolution
		HideSolutionNode = FALSE
	EndGlobalSection
EndGlobal
